
Microsoft Visual Studio Solution File, Format Version 12.00
# Visual Studio 14
VisualStudioVersion = 14.0.25420.1
MinimumVisualStudioVersion = 10.0.40219.1
Project("{FAE04EC0-301F-11D3-BF4B-00C04F79EFBC}") = "ActivitySelection", "ActivitySelection\ActivitySelection.csproj", "{9950188C-4C65-4142-AB07-F1021AB9D39F}"
EndProject
Project("{FAE04EC0-301F-11D3-BF4B-00C04F79EFBC}") = "EgyptianFraction", "EgyptianFraction\EgyptianFraction.csproj", "{DFBD2A46-3B69-44CC-8743-A4DEB676D0B3}"
EndProject
Project("{FAE04EC0-301F-11D3-BF4B-00C04F79EFBC}") = "JobSequence", "JobSequence\JobSequence.csproj", "{E86C8CA0-0362-4DE7-9BE7-4C85ABF0588E}"
EndProject
Project("{FAE04EC0-301F-11D3-BF4B-00C04F79EFBC}") = "HuffmanCoding", "HuffmanCoding\HuffmanCoding.csproj", "{C979EDC5-7B23-40F3-9038-0C5B85F7F49B}"
EndProject
Project("{FAE04EC0-301F-11D3-BF4B-00C04F79EFBC}") = "HuffmanCoding2", "HuffmanCoding2\HuffmanCoding2.csproj", "{DADD8AA0-4F6D-43EA-B3E8-0520487CB42C}"
EndProject
Global
	GlobalSection(SolutionConfigurationPlatforms) = preSolution
		Debug|Any CPU = Debug|Any CPU
		Release|Any CPU = Release|Any CPU
	EndGlobalSection
	GlobalSection(ProjectConfigurationPlatforms) = postSolution
		{9950188C-4C65-4142-AB07-F1021AB9D39F}.Debug|Any CPU.ActiveCfg = Debug|Any CPU
		{9950188C-4C65-4142-AB07-F1021AB9D39F}.Debug|Any CPU.Build.0 = Debug|Any CPU
		{9950188C-4C65-4142-AB07-F1021AB9D39F}.Release|Any CPU.ActiveCfg = Release|Any CPU
		{9950188C-4C65-4142-AB07-F1021AB9D39F}.Release|Any CPU.Build.0 = Release|Any CPU
		{DFBD2A46-3B69-44CC-8743-A4DEB676D0B3}.Debug|Any CPU.ActiveCfg = Debug|Any CPU
		{DFBD2A46-3B69-44CC-8743-A4DEB676D0B3}.Debug|Any CPU.Build.0 = Debug|Any CPU
		{DFBD2A46-3B69-44CC-8743-A4DEB676D0B3}.Release|Any CPU.ActiveCfg = Release|Any CPU
		{DFBD2A46-3B69-44CC-8743-A4DEB676D0B3}.Release|Any CPU.Build.0 = Release|Any CPU
		{E86C8CA0-0362-4DE7-9BE7-4C85ABF0588E}.Debug|Any CPU.ActiveCfg = Debug|Any CPU
		{E86C8CA0-0362-4DE7-9BE7-4C85ABF0588E}.Debug|Any CPU.Build.0 = Debug|Any CPU
		{E86C8CA0-0362-4DE7-9BE7-4C85ABF0588E}.Release|Any CPU.ActiveCfg = Release|Any CPU
		{E86C8CA0-0362-4DE7-9BE7-4C85ABF0588E}.Release|Any CPU.Build.0 = Release|Any CPU
		{C979EDC5-7B23-40F3-9038-0C5B85F7F49B}.Debug|Any CPU.ActiveCfg = Debug|Any CPU
		{C979EDC5-7B23-40F3-9038-0C5B85F7F49B}.Debug|Any CPU.Build.0 = Debug|Any CPU
		{C979EDC5-7B23-40F3-9038-0C5B85F7F49B}.Release|Any CPU.ActiveCfg = Release|Any CPU
		{C979EDC5-7B23-40F3-9038-0C5B85F7F49B}.Release|Any CPU.Build.0 = Release|Any CPU
		{DADD8AA0-4F6D-43EA-B3E8-0520487CB42C}.Debug|Any CPU.ActiveCfg = Debug|Any CPU
		{DADD8AA0-4F6D-43EA-B3E8-0520487CB42C}.Debug|Any CPU.Build.0 = Debug|Any CPU
		{DADD8AA0-4F6D-43EA-B3E8-0520487CB42C}.Release|Any CPU.ActiveCfg = Release|Any CPU
		{DADD8AA0-4F6D-43EA-B3E8-0520487CB42C}.Release|Any CPU.Build.0 = Release|Any CPU
	EndGlobalSection
	GlobalSection(SolutionProperties) = preSolution
		HideSolutionNode = FALSE
	EndGlobalSection
EndGlobal
